# THIS IS AN AUTOGENERATED FILE. DO NOT EDIT THIS FILE DIRECTLY.
# yarn lockfile v1


"@types/marked@^5.0.1":
  version "5.0.1"
  resolved "https://registry.npmjs.org/@types/marked/-/marked-5.0.1.tgz"
  integrity sha512-Y3pAUzHKh605fN6fvASsz5FDSWbZcs/65Q6xYRmnIP9ZIYz27T4IOmXfH9gWJV1dpi7f1e7z7nBGUTx/a0ptpA==

marked@^17.0.5:
  version "17.0.5"
  resolved "https://registry.yarnpkg.com/marked/-/marked-17.0.5.tgz#8fc6878a439463a007b05d346d2ad50a87ec3f0e"
  integrity sha512-6hLvc0/JEbRjRgzI6wnT2P1XuM1/RrrDEX0kPt0N7jGm1133g6X7DlxFasUIx+72aKAr904GTxhSLDrd5DIlZg==

ngx-infinite-scroll@^16:
  version "16.0.0"
  resolved "https://registry.npmjs.org/ngx-infinite-scroll/-/ngx-infinite-scroll-16.0.0.tgz"
  integrity sha512-bzyNYd+wVlUUxcopRVr2DAa81eEc8vITtKVvb+c7R1uy8hWPTlxOEXf3L1qA4FMwTEzCQ9b37TXzlJji3qBy+A==
  dependencies:
    tslib "^2.3.0"

tslib@^2.3.0:
  version "2.5.0"
  resolved "https://registry.npmjs.org/tslib/-/tslib-2.5.0.tgz"
  integrity sha512-336iVw3rtn2BUK7ORdIAHTyxHGRIHVReokCR3XjbckJMK7ms8FysBfhLR8IXnAgy7T0PTPNBWKiH514FOW/WSg==
